
Microsoft Visual Studio Solution File, Format Version 12.00
# Visual Studio 2012
Project("{2150E333-8FDC-42A3-9474-1A3956D46DE8}") = "Beta Framework", "Beta Framework", "{53979975-400A-4456-9337-155B92C3A641}"
EndProject
Project("{2150E333-8FDC-42A3-9474-1A3956D46DE8}") = "Delta Applications", "Delta Applications", "{3882FAC3-6E1B-447E-8437-1C2819E12E75}"
EndProject
Project("{2150E333-8FDC-42A3-9474-1A3956D46DE8}") = "Alpha Tools", "Alpha Tools", "{351714B5-C84B-4C41-9FD9-52CE2C811E4C}"
EndProject
Project("{2150E333-8FDC-42A3-9474-1A3956D46DE8}") = "Gamma Backend", "Gamma Backend", "{8C258F33-127E-4E0A-B580-6C89B6ACBE9B}"
EndProject
Project("{8BC9CEB8-8B4A-11D0-8D11-00A0C91BC942}") = "GfxRenderSubsystem", "Beta Framework\GfxRenderSubsystem\GfxRenderSubsystem.vcxproj", "{C3FE4A41-D966-44B6-AD51-1E83E9A72A68}"
	ProjectSection(ProjectDependencies) = postProject
		{74703C32-1244-40CA-91D9-FD244F20CAFC} = {74703C32-1244-40CA-91D9-FD244F20CAFC}
	EndProjectSection
EndProject
Project("{8BC9CEB8-8B4A-11D0-8D11-00A0C91BC942}") = "Core", "Beta Framework\Core\Core.vcxproj", "{74703C32-1244-40CA-91D9-FD244F20CAFC}"
EndProject
Project("{2150E333-8FDC-42A3-9474-1A3956D46DE8}") = "Tests", "Tests", "{BD8A1917-EAFB-4E9C-8C5F-7D81F3065F7B}"
EndProject
Project("{8BC9CEB8-8B4A-11D0-8D11-00A0C91BC942}") = "GFX-TriangleRenderTest", "Delta Applications\Tests\GfxRenderExample\GfxRenderExample.vcxproj", "{085AB9CD-FC5B-47A9-A659-A269B6BC0551}"
	ProjectSection(ProjectDependencies) = postProject
		{74703C32-1244-40CA-91D9-FD244F20CAFC} = {74703C32-1244-40CA-91D9-FD244F20CAFC}
		{C3FE4A41-D966-44B6-AD51-1E83E9A72A68} = {C3FE4A41-D966-44B6-AD51-1E83E9A72A68}
	EndProjectSection
EndProject
Project("{8BC9CEB8-8B4A-11D0-8D11-00A0C91BC942}") = "NetworkLibrary", "Beta Framework\NetworkLibrary\NetworkLibrary.vcxproj", "{63E0FA08-83B4-4F0A-A98F-19330BD6142A}"
EndProject
Project("{8BC9CEB8-8B4A-11D0-8D11-00A0C91BC942}") = "AudioSubsystem", "Beta Framework\AudioSubsystem\AudioSubsystem.vcxproj", "{9CEC1919-4235-45F2-B9DE-5C3BD2BEFA55}"
	ProjectSection(ProjectDependencies) = postProject
		{74703C32-1244-40CA-91D9-FD244F20CAFC} = {74703C32-1244-40CA-91D9-FD244F20CAFC}
	EndProjectSection
EndProject
Project("{2150E333-8FDC-42A3-9474-1A3956D46DE8}") = "Gfx", "Gfx", "{2FC597B6-771C-43A3-B23C-840C8D062E17}"
EndProject
Project("{8BC9CEB8-8B4A-11D0-8D11-00A0C91BC942}") = "GFX-ViewportTest", "Delta Applications\Tests\GfxViewportTest\GfxViewportTest.vcxproj", "{F51A3D15-4F6B-4464-BFEF-2831685FF0E1}"
	ProjectSection(ProjectDependencies) = postProject
		{74703C32-1244-40CA-91D9-FD244F20CAFC} = {74703C32-1244-40CA-91D9-FD244F20CAFC}
		{C3FE4A41-D966-44B6-AD51-1E83E9A72A68} = {C3FE4A41-D966-44B6-AD51-1E83E9A72A68}
	EndProjectSection
EndProject
Project("{2150E333-8FDC-42A3-9474-1A3956D46DE8}") = "Core", "Core", "{47E429B5-0871-4F4C-AF31-5E92B73760DD}"
EndProject
Project("{2150E333-8FDC-42A3-9474-1A3956D46DE8}") = "Config", "Config", "{431F33E8-21A9-45EF-A0A4-4EF1FD4C9F9D}"
EndProject
Project("{8BC9CEB8-8B4A-11D0-8D11-00A0C91BC942}") = "CORE-ConfigReadWriteTest", "Delta Applications\Tests\CORE-ConfigReadWriteTest\CORE-ConfigReadWriteTest.vcxproj", "{C1F94F14-8141-4E11-B428-9862F19EEBAE}"
	ProjectSection(ProjectDependencies) = postProject
		{74703C32-1244-40CA-91D9-FD244F20CAFC} = {74703C32-1244-40CA-91D9-FD244F20CAFC}
	EndProjectSection
EndProject
Project("{FAE04EC0-301F-11D3-BF4B-00C04F79EFBC}") = "OGF-ConfigEditor", "Alpha Tools\OGF-ConfigEditor\OGF-ConfigEditor.csproj", "{D5C82343-CBE5-4461-A295-E7EB7F5A7931}"
EndProject
Project("{2150E333-8FDC-42A3-9474-1A3956D46DE8}") = "Messaging", "Messaging", "{7EB1CBFA-E616-4F03-9B76-525D894CC05A}"
EndProject
Project("{8BC9CEB8-8B4A-11D0-8D11-00A0C91BC942}") = "CORE-MessagingTest", "Delta Applications\Tests\CORE-MessagingTest\CORE-MessagingTest.vcxproj", "{86309A27-4A88-4264-9C61-23A8570CFEB6}"
	ProjectSection(ProjectDependencies) = postProject
		{74703C32-1244-40CA-91D9-FD244F20CAFC} = {74703C32-1244-40CA-91D9-FD244F20CAFC}
	EndProjectSection
EndProject
Project("{2150E333-8FDC-42A3-9474-1A3956D46DE8}") = "SDL", "SDL", "{D5E06DBA-67B5-4242-9A8B-C2B90FE0DB6B}"
EndProject
Project("{8BC9CEB8-8B4A-11D0-8D11-00A0C91BC942}") = "SDL-KeyInputTest", "Delta Applications\Tests\SDL-InputTest\SDL-InputTest.vcxproj", "{A8B737A7-2E82-4F60-80DB-35FB2B9B0DDC}"
	ProjectSection(ProjectDependencies) = postProject
		{74703C32-1244-40CA-91D9-FD244F20CAFC} = {74703C32-1244-40CA-91D9-FD244F20CAFC}
		{C3FE4A41-D966-44B6-AD51-1E83E9A72A68} = {C3FE4A41-D966-44B6-AD51-1E83E9A72A68}
	EndProjectSection
EndProject
Project("{8BC9CEB8-8B4A-11D0-8D11-00A0C91BC942}") = "GFX-CameraMoveTest", "Delta Applications\Tests\GFX-CameraMoveTest\GFX-CameraMoveTest.vcxproj", "{33839E13-B6EF-45E8-BB64-C127E10644DB}"
	ProjectSection(ProjectDependencies) = postProject
		{74703C32-1244-40CA-91D9-FD244F20CAFC} = {74703C32-1244-40CA-91D9-FD244F20CAFC}
		{C3FE4A41-D966-44B6-AD51-1E83E9A72A68} = {C3FE4A41-D966-44B6-AD51-1E83E9A72A68}
	EndProjectSection
EndProject
Project("{2150E333-8FDC-42A3-9474-1A3956D46DE8}") = "Omega Engine", "Omega Engine", "{35B60369-9A0A-4ECE-B44F-0A2856F10CA2}"
EndProject
Global
	GlobalSection(SolutionConfigurationPlatforms) = preSolution
		Debug|Any CPU = Debug|Any CPU
		Debug|Mixed Platforms = Debug|Mixed Platforms
		Debug|Win32 = Debug|Win32
		Release|Any CPU = Release|Any CPU
		Release|Mixed Platforms = Release|Mixed Platforms
		Release|Win32 = Release|Win32
	EndGlobalSection
	GlobalSection(ProjectConfigurationPlatforms) = postSolution
		{C3FE4A41-D966-44B6-AD51-1E83E9A72A68}.Debug|Any CPU.ActiveCfg = Debug|Win32
		{C3FE4A41-D966-44B6-AD51-1E83E9A72A68}.Debug|Mixed Platforms.ActiveCfg = Debug|Win32
		{C3FE4A41-D966-44B6-AD51-1E83E9A72A68}.Debug|Mixed Platforms.Build.0 = Debug|Win32
		{C3FE4A41-D966-44B6-AD51-1E83E9A72A68}.Debug|Win32.ActiveCfg = Debug|Win32
		{C3FE4A41-D966-44B6-AD51-1E83E9A72A68}.Debug|Win32.Build.0 = Debug|Win32
		{C3FE4A41-D966-44B6-AD51-1E83E9A72A68}.Release|Any CPU.ActiveCfg = Release|Win32
		{C3FE4A41-D966-44B6-AD51-1E83E9A72A68}.Release|Mixed Platforms.ActiveCfg = Release|Win32
		{C3FE4A41-D966-44B6-AD51-1E83E9A72A68}.Release|Mixed Platforms.Build.0 = Release|Win32
		{C3FE4A41-D966-44B6-AD51-1E83E9A72A68}.Release|Win32.ActiveCfg = Release|Win32
		{C3FE4A41-D966-44B6-AD51-1E83E9A72A68}.Release|Win32.Build.0 = Release|Win32
		{74703C32-1244-40CA-91D9-FD244F20CAFC}.Debug|Any CPU.ActiveCfg = Debug|Win32
		{74703C32-1244-40CA-91D9-FD244F20CAFC}.Debug|Mixed Platforms.ActiveCfg = Debug|Win32
		{74703C32-1244-40CA-91D9-FD244F20CAFC}.Debug|Mixed Platforms.Build.0 = Debug|Win32
		{74703C32-1244-40CA-91D9-FD244F20CAFC}.Debug|Win32.ActiveCfg = Debug|Win32
		{74703C32-1244-40CA-91D9-FD244F20CAFC}.Debug|Win32.Build.0 = Debug|Win32
		{74703C32-1244-40CA-91D9-FD244F20CAFC}.Release|Any CPU.ActiveCfg = Release|Win32
		{74703C32-1244-40CA-91D9-FD244F20CAFC}.Release|Mixed Platforms.ActiveCfg = Release|Win32
		{74703C32-1244-40CA-91D9-FD244F20CAFC}.Release|Mixed Platforms.Build.0 = Release|Win32
		{74703C32-1244-40CA-91D9-FD244F20CAFC}.Release|Win32.ActiveCfg = Release|Win32
		{74703C32-1244-40CA-91D9-FD244F20CAFC}.Release|Win32.Build.0 = Release|Win32
		{085AB9CD-FC5B-47A9-A659-A269B6BC0551}.Debug|Any CPU.ActiveCfg = Debug|Win32
		{085AB9CD-FC5B-47A9-A659-A269B6BC0551}.Debug|Mixed Platforms.ActiveCfg = Debug|Win32
		{085AB9CD-FC5B-47A9-A659-A269B6BC0551}.Debug|Mixed Platforms.Build.0 = Debug|Win32
		{085AB9CD-FC5B-47A9-A659-A269B6BC0551}.Debug|Win32.ActiveCfg = Debug|Win32
		{085AB9CD-FC5B-47A9-A659-A269B6BC0551}.Debug|Win32.Build.0 = Debug|Win32
		{085AB9CD-FC5B-47A9-A659-A269B6BC0551}.Release|Any CPU.ActiveCfg = Release|Win32
		{085AB9CD-FC5B-47A9-A659-A269B6BC0551}.Release|Mixed Platforms.ActiveCfg = Release|Win32
		{085AB9CD-FC5B-47A9-A659-A269B6BC0551}.Release|Mixed Platforms.Build.0 = Release|Win32
		{085AB9CD-FC5B-47A9-A659-A269B6BC0551}.Release|Win32.ActiveCfg = Release|Win32
		{085AB9CD-FC5B-47A9-A659-A269B6BC0551}.Release|Win32.Build.0 = Release|Win32
		{63E0FA08-83B4-4F0A-A98F-19330BD6142A}.Debug|Any CPU.ActiveCfg = Debug|Win32
		{63E0FA08-83B4-4F0A-A98F-19330BD6142A}.Debug|Mixed Platforms.ActiveCfg = Debug|Win32
		{63E0FA08-83B4-4F0A-A98F-19330BD6142A}.Debug|Mixed Platforms.Build.0 = Debug|Win32
		{63E0FA08-83B4-4F0A-A98F-19330BD6142A}.Debug|Win32.ActiveCfg = Debug|Win32
		{63E0FA08-83B4-4F0A-A98F-19330BD6142A}.Debug|Win32.Build.0 = Debug|Win32
		{63E0FA08-83B4-4F0A-A98F-19330BD6142A}.Release|Any CPU.ActiveCfg = Release|Win32
		{63E0FA08-83B4-4F0A-A98F-19330BD6142A}.Release|Mixed Platforms.ActiveCfg = Release|Win32
		{63E0FA08-83B4-4F0A-A98F-19330BD6142A}.Release|Mixed Platforms.Build.0 = Release|Win32
		{63E0FA08-83B4-4F0A-A98F-19330BD6142A}.Release|Win32.ActiveCfg = Release|Win32
		{63E0FA08-83B4-4F0A-A98F-19330BD6142A}.Release|Win32.Build.0 = Release|Win32
		{9CEC1919-4235-45F2-B9DE-5C3BD2BEFA55}.Debug|Any CPU.ActiveCfg = Debug|Win32
		{9CEC1919-4235-45F2-B9DE-5C3BD2BEFA55}.Debug|Mixed Platforms.ActiveCfg = Debug|Win32
		{9CEC1919-4235-45F2-B9DE-5C3BD2BEFA55}.Debug|Mixed Platforms.Build.0 = Debug|Win32
		{9CEC1919-4235-45F2-B9DE-5C3BD2BEFA55}.Debug|Win32.ActiveCfg = Debug|Win32
		{9CEC1919-4235-45F2-B9DE-5C3BD2BEFA55}.Debug|Win32.Build.0 = Debug|Win32
		{9CEC1919-4235-45F2-B9DE-5C3BD2BEFA55}.Release|Any CPU.ActiveCfg = Release|Win32
		{9CEC1919-4235-45F2-B9DE-5C3BD2BEFA55}.Release|Mixed Platforms.ActiveCfg = Release|Win32
		{9CEC1919-4235-45F2-B9DE-5C3BD2BEFA55}.Release|Mixed Platforms.Build.0 = Release|Win32
		{9CEC1919-4235-45F2-B9DE-5C3BD2BEFA55}.Release|Win32.ActiveCfg = Release|Win32
		{9CEC1919-4235-45F2-B9DE-5C3BD2BEFA55}.Release|Win32.Build.0 = Release|Win32
		{F51A3D15-4F6B-4464-BFEF-2831685FF0E1}.Debug|Any CPU.ActiveCfg = Debug|Win32
		{F51A3D15-4F6B-4464-BFEF-2831685FF0E1}.Debug|Mixed Platforms.ActiveCfg = Debug|Win32
		{F51A3D15-4F6B-4464-BFEF-2831685FF0E1}.Debug|Mixed Platforms.Build.0 = Debug|Win32
		{F51A3D15-4F6B-4464-BFEF-2831685FF0E1}.Debug|Win32.ActiveCfg = Debug|Win32
		{F51A3D15-4F6B-4464-BFEF-2831685FF0E1}.Debug|Win32.Build.0 = Debug|Win32
		{F51A3D15-4F6B-4464-BFEF-2831685FF0E1}.Release|Any CPU.ActiveCfg = Release|Win32
		{F51A3D15-4F6B-4464-BFEF-2831685FF0E1}.Release|Mixed Platforms.ActiveCfg = Release|Win32
		{F51A3D15-4F6B-4464-BFEF-2831685FF0E1}.Release|Mixed Platforms.Build.0 = Release|Win32
		{F51A3D15-4F6B-4464-BFEF-2831685FF0E1}.Release|Win32.ActiveCfg = Release|Win32
		{F51A3D15-4F6B-4464-BFEF-2831685FF0E1}.Release|Win32.Build.0 = Release|Win32
		{C1F94F14-8141-4E11-B428-9862F19EEBAE}.Debug|Any CPU.ActiveCfg = Debug|Win32
		{C1F94F14-8141-4E11-B428-9862F19EEBAE}.Debug|Mixed Platforms.ActiveCfg = Debug|Win32
		{C1F94F14-8141-4E11-B428-9862F19EEBAE}.Debug|Mixed Platforms.Build.0 = Debug|Win32
		{C1F94F14-8141-4E11-B428-9862F19EEBAE}.Debug|Win32.ActiveCfg = Debug|Win32
		{C1F94F14-8141-4E11-B428-9862F19EEBAE}.Debug|Win32.Build.0 = Debug|Win32
		{C1F94F14-8141-4E11-B428-9862F19EEBAE}.Release|Any CPU.ActiveCfg = Release|Win32
		{C1F94F14-8141-4E11-B428-9862F19EEBAE}.Release|Mixed Platforms.ActiveCfg = Release|Win32
		{C1F94F14-8141-4E11-B428-9862F19EEBAE}.Release|Mixed Platforms.Build.0 = Release|Win32
		{C1F94F14-8141-4E11-B428-9862F19EEBAE}.Release|Win32.ActiveCfg = Release|Win32
		{C1F94F14-8141-4E11-B428-9862F19EEBAE}.Release|Win32.Build.0 = Release|Win32
		{D5C82343-CBE5-4461-A295-E7EB7F5A7931}.Debug|Any CPU.ActiveCfg = Debug|Any CPU
		{D5C82343-CBE5-4461-A295-E7EB7F5A7931}.Debug|Any CPU.Build.0 = Debug|Any CPU
		{D5C82343-CBE5-4461-A295-E7EB7F5A7931}.Debug|Mixed Platforms.ActiveCfg = Debug|Any CPU
		{D5C82343-CBE5-4461-A295-E7EB7F5A7931}.Debug|Mixed Platforms.Build.0 = Debug|Any CPU
		{D5C82343-CBE5-4461-A295-E7EB7F5A7931}.Debug|Win32.ActiveCfg = Debug|Any CPU
		{D5C82343-CBE5-4461-A295-E7EB7F5A7931}.Release|Any CPU.ActiveCfg = Release|Any CPU
		{D5C82343-CBE5-4461-A295-E7EB7F5A7931}.Release|Any CPU.Build.0 = Release|Any CPU
		{D5C82343-CBE5-4461-A295-E7EB7F5A7931}.Release|Mixed Platforms.ActiveCfg = Release|Any CPU
		{D5C82343-CBE5-4461-A295-E7EB7F5A7931}.Release|Mixed Platforms.Build.0 = Release|Any CPU
		{D5C82343-CBE5-4461-A295-E7EB7F5A7931}.Release|Win32.ActiveCfg = Release|Any CPU
		{86309A27-4A88-4264-9C61-23A8570CFEB6}.Debug|Any CPU.ActiveCfg = Debug|Win32
		{86309A27-4A88-4264-9C61-23A8570CFEB6}.Debug|Mixed Platforms.ActiveCfg = Debug|Win32
		{86309A27-4A88-4264-9C61-23A8570CFEB6}.Debug|Mixed Platforms.Build.0 = Debug|Win32
		{86309A27-4A88-4264-9C61-23A8570CFEB6}.Debug|Win32.ActiveCfg = Debug|Win32
		{86309A27-4A88-4264-9C61-23A8570CFEB6}.Debug|Win32.Build.0 = Debug|Win32
		{86309A27-4A88-4264-9C61-23A8570CFEB6}.Release|Any CPU.ActiveCfg = Release|Win32
		{86309A27-4A88-4264-9C61-23A8570CFEB6}.Release|Mixed Platforms.ActiveCfg = Release|Win32
		{86309A27-4A88-4264-9C61-23A8570CFEB6}.Release|Mixed Platforms.Build.0 = Release|Win32
		{86309A27-4A88-4264-9C61-23A8570CFEB6}.Release|Win32.ActiveCfg = Release|Win32
		{86309A27-4A88-4264-9C61-23A8570CFEB6}.Release|Win32.Build.0 = Release|Win32
		{A8B737A7-2E82-4F60-80DB-35FB2B9B0DDC}.Debug|Any CPU.ActiveCfg = Debug|Win32
		{A8B737A7-2E82-4F60-80DB-35FB2B9B0DDC}.Debug|Mixed Platforms.ActiveCfg = Debug|Win32
		{A8B737A7-2E82-4F60-80DB-35FB2B9B0DDC}.Debug|Mixed Platforms.Build.0 = Debug|Win32
		{A8B737A7-2E82-4F60-80DB-35FB2B9B0DDC}.Debug|Win32.ActiveCfg = Debug|Win32
		{A8B737A7-2E82-4F60-80DB-35FB2B9B0DDC}.Debug|Win32.Build.0 = Debug|Win32
		{A8B737A7-2E82-4F60-80DB-35FB2B9B0DDC}.Release|Any CPU.ActiveCfg = Release|Win32
		{A8B737A7-2E82-4F60-80DB-35FB2B9B0DDC}.Release|Mixed Platforms.ActiveCfg = Release|Win32
		{A8B737A7-2E82-4F60-80DB-35FB2B9B0DDC}.Release|Mixed Platforms.Build.0 = Release|Win32
		{A8B737A7-2E82-4F60-80DB-35FB2B9B0DDC}.Release|Win32.ActiveCfg = Release|Win32
		{A8B737A7-2E82-4F60-80DB-35FB2B9B0DDC}.Release|Win32.Build.0 = Release|Win32
		{33839E13-B6EF-45E8-BB64-C127E10644DB}.Debug|Any CPU.ActiveCfg = Debug|Win32
		{33839E13-B6EF-45E8-BB64-C127E10644DB}.Debug|Mixed Platforms.ActiveCfg = Debug|Win32
		{33839E13-B6EF-45E8-BB64-C127E10644DB}.Debug|Mixed Platforms.Build.0 = Debug|Win32
		{33839E13-B6EF-45E8-BB64-C127E10644DB}.Debug|Win32.ActiveCfg = Debug|Win32
		{33839E13-B6EF-45E8-BB64-C127E10644DB}.Debug|Win32.Build.0 = Debug|Win32
		{33839E13-B6EF-45E8-BB64-C127E10644DB}.Release|Any CPU.ActiveCfg = Release|Win32
		{33839E13-B6EF-45E8-BB64-C127E10644DB}.Release|Mixed Platforms.ActiveCfg = Release|Win32
		{33839E13-B6EF-45E8-BB64-C127E10644DB}.Release|Mixed Platforms.Build.0 = Release|Win32
		{33839E13-B6EF-45E8-BB64-C127E10644DB}.Release|Win32.ActiveCfg = Release|Win32
		{33839E13-B6EF-45E8-BB64-C127E10644DB}.Release|Win32.Build.0 = Release|Win32
	EndGlobalSection
	GlobalSection(SolutionProperties) = preSolution
		HideSolutionNode = FALSE
	EndGlobalSection
	GlobalSection(NestedProjects) = preSolution
		{C3FE4A41-D966-44B6-AD51-1E83E9A72A68} = {53979975-400A-4456-9337-155B92C3A641}
		{74703C32-1244-40CA-91D9-FD244F20CAFC} = {53979975-400A-4456-9337-155B92C3A641}
		{63E0FA08-83B4-4F0A-A98F-19330BD6142A} = {53979975-400A-4456-9337-155B92C3A641}
		{9CEC1919-4235-45F2-B9DE-5C3BD2BEFA55} = {53979975-400A-4456-9337-155B92C3A641}
		{BD8A1917-EAFB-4E9C-8C5F-7D81F3065F7B} = {3882FAC3-6E1B-447E-8437-1C2819E12E75}
		{D5C82343-CBE5-4461-A295-E7EB7F5A7931} = {351714B5-C84B-4C41-9FD9-52CE2C811E4C}
		{2FC597B6-771C-43A3-B23C-840C8D062E17} = {BD8A1917-EAFB-4E9C-8C5F-7D81F3065F7B}
		{47E429B5-0871-4F4C-AF31-5E92B73760DD} = {BD8A1917-EAFB-4E9C-8C5F-7D81F3065F7B}
		{D5E06DBA-67B5-4242-9A8B-C2B90FE0DB6B} = {BD8A1917-EAFB-4E9C-8C5F-7D81F3065F7B}
		{085AB9CD-FC5B-47A9-A659-A269B6BC0551} = {2FC597B6-771C-43A3-B23C-840C8D062E17}
		{F51A3D15-4F6B-4464-BFEF-2831685FF0E1} = {2FC597B6-771C-43A3-B23C-840C8D062E17}
		{33839E13-B6EF-45E8-BB64-C127E10644DB} = {2FC597B6-771C-43A3-B23C-840C8D062E17}
		{431F33E8-21A9-45EF-A0A4-4EF1FD4C9F9D} = {47E429B5-0871-4F4C-AF31-5E92B73760DD}
		{7EB1CBFA-E616-4F03-9B76-525D894CC05A} = {47E429B5-0871-4F4C-AF31-5E92B73760DD}
		{C1F94F14-8141-4E11-B428-9862F19EEBAE} = {431F33E8-21A9-45EF-A0A4-4EF1FD4C9F9D}
		{86309A27-4A88-4264-9C61-23A8570CFEB6} = {7EB1CBFA-E616-4F03-9B76-525D894CC05A}
		{A8B737A7-2E82-4F60-80DB-35FB2B9B0DDC} = {D5E06DBA-67B5-4242-9A8B-C2B90FE0DB6B}
	EndGlobalSection
EndGlobal
