
Microsoft Visual Studio Solution File, Format Version 12.00
# Visual Studio 2012
Project("{2150E333-8FDC-42A3-9474-1A3956D46DE8}") = "Beta Framework", "Beta Framework", "{53979975-400A-4456-9337-155B92C3A641}"
EndProject
Project("{2150E333-8FDC-42A3-9474-1A3956D46DE8}") = "Delta Applications", "Delta Applications", "{3882FAC3-6E1B-447E-8437-1C2819E12E75}"
EndProject
Project("{2150E333-8FDC-42A3-9474-1A3956D46DE8}") = "Alpha Tools", "Alpha Tools", "{351714B5-C84B-4C41-9FD9-52CE2C811E4C}"
EndProject
Project("{2150E333-8FDC-42A3-9474-1A3956D46DE8}") = "Gamma Backend", "Gamma Backend", "{8C258F33-127E-4E0A-B580-6C89B6ACBE9B}"
EndProject
Project("{2150E333-8FDC-42A3-9474-1A3956D46DE8}") = "Omega Bootstrapper", "Omega Bootstrapper", "{669DCCF6-7330-423D-B72F-87AA50FCC5E8}"
EndProject
Project("{8BC9CEB8-8B4A-11D0-8D11-00A0C91BC942}") = "GfxRenderSubsystem", "Beta Framework\GfxRenderSubsystem\GfxRenderSubsystem.vcxproj", "{C3FE4A41-D966-44B6-AD51-1E83E9A72A68}"
	ProjectSection(ProjectDependencies) = postProject
		{74703C32-1244-40CA-91D9-FD244F20CAFC} = {74703C32-1244-40CA-91D9-FD244F20CAFC}
	EndProjectSection
EndProject
Project("{8BC9CEB8-8B4A-11D0-8D11-00A0C91BC942}") = "Core", "Beta Framework\Core\Core.vcxproj", "{74703C32-1244-40CA-91D9-FD244F20CAFC}"
EndProject
Project("{2150E333-8FDC-42A3-9474-1A3956D46DE8}") = "Tests", "Tests", "{BD8A1917-EAFB-4E9C-8C5F-7D81F3065F7B}"
EndProject
Project("{8BC9CEB8-8B4A-11D0-8D11-00A0C91BC942}") = "GFX-TriangleRenderTest", "Delta Applications\Tests\GfxRenderExample\GfxRenderExample.vcxproj", "{085AB9CD-FC5B-47A9-A659-A269B6BC0551}"
	ProjectSection(ProjectDependencies) = postProject
		{74703C32-1244-40CA-91D9-FD244F20CAFC} = {74703C32-1244-40CA-91D9-FD244F20CAFC}
		{C3FE4A41-D966-44B6-AD51-1E83E9A72A68} = {C3FE4A41-D966-44B6-AD51-1E83E9A72A68}
	EndProjectSection
EndProject
Project("{8BC9CEB8-8B4A-11D0-8D11-00A0C91BC942}") = "NetworkLibrary", "Beta Framework\NetworkLibrary\NetworkLibrary.vcxproj", "{63E0FA08-83B4-4F0A-A98F-19330BD6142A}"
EndProject
Project("{8BC9CEB8-8B4A-11D0-8D11-00A0C91BC942}") = "AudioSubsystem", "Beta Framework\AudioSubsystem\AudioSubsystem.vcxproj", "{9CEC1919-4235-45F2-B9DE-5C3BD2BEFA55}"
	ProjectSection(ProjectDependencies) = postProject
		{74703C32-1244-40CA-91D9-FD244F20CAFC} = {74703C32-1244-40CA-91D9-FD244F20CAFC}
	EndProjectSection
EndProject
Project("{2150E333-8FDC-42A3-9474-1A3956D46DE8}") = "Gfx", "Gfx", "{2FC597B6-771C-43A3-B23C-840C8D062E17}"
EndProject
Project("{8BC9CEB8-8B4A-11D0-8D11-00A0C91BC942}") = "GFX-ViewportTest", "Delta Applications\Tests\GfxViewportTest\GfxViewportTest.vcxproj", "{F51A3D15-4F6B-4464-BFEF-2831685FF0E1}"
	ProjectSection(ProjectDependencies) = postProject
		{74703C32-1244-40CA-91D9-FD244F20CAFC} = {74703C32-1244-40CA-91D9-FD244F20CAFC}
		{C3FE4A41-D966-44B6-AD51-1E83E9A72A68} = {C3FE4A41-D966-44B6-AD51-1E83E9A72A68}
	EndProjectSection
EndProject
Global
	GlobalSection(SolutionConfigurationPlatforms) = preSolution
		Debug|Win32 = Debug|Win32
		Release|Win32 = Release|Win32
	EndGlobalSection
	GlobalSection(ProjectConfigurationPlatforms) = postSolution
		{C3FE4A41-D966-44B6-AD51-1E83E9A72A68}.Debug|Win32.ActiveCfg = Debug|Win32
		{C3FE4A41-D966-44B6-AD51-1E83E9A72A68}.Debug|Win32.Build.0 = Debug|Win32
		{C3FE4A41-D966-44B6-AD51-1E83E9A72A68}.Release|Win32.ActiveCfg = Release|Win32
		{C3FE4A41-D966-44B6-AD51-1E83E9A72A68}.Release|Win32.Build.0 = Release|Win32
		{74703C32-1244-40CA-91D9-FD244F20CAFC}.Debug|Win32.ActiveCfg = Debug|Win32
		{74703C32-1244-40CA-91D9-FD244F20CAFC}.Debug|Win32.Build.0 = Debug|Win32
		{74703C32-1244-40CA-91D9-FD244F20CAFC}.Release|Win32.ActiveCfg = Release|Win32
		{74703C32-1244-40CA-91D9-FD244F20CAFC}.Release|Win32.Build.0 = Release|Win32
		{085AB9CD-FC5B-47A9-A659-A269B6BC0551}.Debug|Win32.ActiveCfg = Debug|Win32
		{085AB9CD-FC5B-47A9-A659-A269B6BC0551}.Debug|Win32.Build.0 = Debug|Win32
		{085AB9CD-FC5B-47A9-A659-A269B6BC0551}.Release|Win32.ActiveCfg = Release|Win32
		{085AB9CD-FC5B-47A9-A659-A269B6BC0551}.Release|Win32.Build.0 = Release|Win32
		{63E0FA08-83B4-4F0A-A98F-19330BD6142A}.Debug|Win32.ActiveCfg = Debug|Win32
		{63E0FA08-83B4-4F0A-A98F-19330BD6142A}.Debug|Win32.Build.0 = Debug|Win32
		{63E0FA08-83B4-4F0A-A98F-19330BD6142A}.Release|Win32.ActiveCfg = Release|Win32
		{63E0FA08-83B4-4F0A-A98F-19330BD6142A}.Release|Win32.Build.0 = Release|Win32
		{9CEC1919-4235-45F2-B9DE-5C3BD2BEFA55}.Debug|Win32.ActiveCfg = Debug|Win32
		{9CEC1919-4235-45F2-B9DE-5C3BD2BEFA55}.Debug|Win32.Build.0 = Debug|Win32
		{9CEC1919-4235-45F2-B9DE-5C3BD2BEFA55}.Release|Win32.ActiveCfg = Release|Win32
		{9CEC1919-4235-45F2-B9DE-5C3BD2BEFA55}.Release|Win32.Build.0 = Release|Win32
		{F51A3D15-4F6B-4464-BFEF-2831685FF0E1}.Debug|Win32.ActiveCfg = Debug|Win32
		{F51A3D15-4F6B-4464-BFEF-2831685FF0E1}.Debug|Win32.Build.0 = Debug|Win32
		{F51A3D15-4F6B-4464-BFEF-2831685FF0E1}.Release|Win32.ActiveCfg = Release|Win32
		{F51A3D15-4F6B-4464-BFEF-2831685FF0E1}.Release|Win32.Build.0 = Release|Win32
	EndGlobalSection
	GlobalSection(SolutionProperties) = preSolution
		HideSolutionNode = FALSE
	EndGlobalSection
	GlobalSection(NestedProjects) = preSolution
		{C3FE4A41-D966-44B6-AD51-1E83E9A72A68} = {53979975-400A-4456-9337-155B92C3A641}
		{74703C32-1244-40CA-91D9-FD244F20CAFC} = {53979975-400A-4456-9337-155B92C3A641}
		{63E0FA08-83B4-4F0A-A98F-19330BD6142A} = {53979975-400A-4456-9337-155B92C3A641}
		{9CEC1919-4235-45F2-B9DE-5C3BD2BEFA55} = {53979975-400A-4456-9337-155B92C3A641}
		{BD8A1917-EAFB-4E9C-8C5F-7D81F3065F7B} = {3882FAC3-6E1B-447E-8437-1C2819E12E75}
		{2FC597B6-771C-43A3-B23C-840C8D062E17} = {BD8A1917-EAFB-4E9C-8C5F-7D81F3065F7B}
		{085AB9CD-FC5B-47A9-A659-A269B6BC0551} = {2FC597B6-771C-43A3-B23C-840C8D062E17}
		{F51A3D15-4F6B-4464-BFEF-2831685FF0E1} = {2FC597B6-771C-43A3-B23C-840C8D062E17}
	EndGlobalSection
EndGlobal
