<?xml version="1.0" encoding="utf-8"?>
<Project ToolsVersion="4.0" xmlns="http://schemas.microsoft.com/developer/msbuild/2003">
  <ItemGroup>
    <Filter Include="Header Files">
      <UniqueIdentifier>{93995380-89BD-4b04-88EB-625FBE52EBFB}</UniqueIdentifier>
      <Extensions>h;hpp;hxx;hm;inl;inc;xsd</Extensions>
    </Filter>
    <Filter Include="Resource Files">
      <UniqueIdentifier>{67DA6AB6-F800-4c08-8B7A-83BB121AAD01}</UniqueIdentifier>
      <Extensions>rc;ico;cur;bmp;dlg;rc2;rct;bin;rgs;gif;jpg;jpeg;jpe;resx;tiff;tif;png;wav;mfcribbon-ms</Extensions>
    </Filter>
    <Filter Include="Error Handling">
      <UniqueIdentifier>{25c210d6-9c3e-4427-8069-e188843d4bfe}</UniqueIdentifier>
    </Filter>
    <Filter Include="Tickable">
      <UniqueIdentifier>{f7858542-67c0-44ca-becb-d0ed8ab8dd13}</UniqueIdentifier>
    </Filter>
    <Filter Include="Data Structures">
      <UniqueIdentifier>{c9456d8c-509f-4f90-ad2c-d8ad4621ce99}</UniqueIdentifier>
    </Filter>
    <Filter Include="Data Structures\Intrusive Linked List">
      <UniqueIdentifier>{95b97c15-6519-451f-acea-2b4b2ae8f226}</UniqueIdentifier>
    </Filter>
    <Filter Include="Object">
      <UniqueIdentifier>{78340b37-23e0-4d5b-a0fb-649ea8f8a136}</UniqueIdentifier>
    </Filter>
    <Filter Include="Object\World">
      <UniqueIdentifier>{fc4d031b-1bbe-423e-8e81-d1d551253086}</UniqueIdentifier>
    </Filter>
    <Filter Include="File Handling">
      <UniqueIdentifier>{c0a27dc3-f384-457f-a390-2fdfe31b4df6}</UniqueIdentifier>
    </Filter>
  </ItemGroup>
  <ItemGroup>
    <Text Include="ReadMe.txt" />
  </ItemGroup>
  <ItemGroup>
    <ClInclude Include="stdafx.h">
      <Filter>Header Files</Filter>
    </ClInclude>
    <ClInclude Include="targetver.h">
      <Filter>Header Files</Filter>
    </ClInclude>
    <ClInclude Include="CoreExternal.h">
      <Filter>Header Files</Filter>
    </ClInclude>
    <ClInclude Include="CommonCore.h">
      <Filter>Header Files</Filter>
    </ClInclude>
    <ClInclude Include="ITickable.h">
      <Filter>Tickable</Filter>
    </ClInclude>
    <ClInclude Include="TIntrusiveLink.h">
      <Filter>Data Structures\Intrusive Linked List</Filter>
    </ClInclude>
    <ClInclude Include="TIntrusiveLinkedList.h">
      <Filter>Data Structures\Intrusive Linked List</Filter>
    </ClInclude>
    <ClInclude Include="ErrorCatch.h">
      <Filter>Error Handling</Filter>
    </ClInclude>
    <ClInclude Include="Object.h">
      <Filter>Object</Filter>
    </ClInclude>
    <ClInclude Include="WorldObject.h">
      <Filter>Object\World</Filter>
    </ClInclude>
    <ClInclude Include="WFile.h">
      <Filter>File Handling</Filter>
    </ClInclude>
  </ItemGroup>
  <ItemGroup>
    <ClCompile Include="ErrorCatch.cpp">
      <Filter>Error Handling</Filter>
    </ClCompile>
    <ClCompile Include="ITickable.cpp">
      <Filter>Tickable</Filter>
    </ClCompile>
    <ClCompile Include="Object.cpp">
      <Filter>Object</Filter>
    </ClCompile>
    <ClCompile Include="WorldObject.cpp">
      <Filter>Object\World</Filter>
    </ClCompile>
    <ClCompile Include="WFile.cpp">
      <Filter>File Handling</Filter>
    </ClCompile>
  </ItemGroup>
</Project>