<?xml version="1.0" encoding="utf-8"?>
<Project ToolsVersion="4.0" xmlns="http://schemas.microsoft.com/developer/msbuild/2003">
  <ItemGroup>
    <Filter Include="Header Files">
      <UniqueIdentifier>{93995380-89BD-4b04-88EB-625FBE52EBFB}</UniqueIdentifier>
      <Extensions>h;hpp;hxx;hm;inl;inc;xsd</Extensions>
    </Filter>
    <Filter Include="Frontend">
      <UniqueIdentifier>{0a11117f-44a4-4620-8a3a-e8629b987956}</UniqueIdentifier>
    </Filter>
    <Filter Include="Frontend\Window">
      <UniqueIdentifier>{6d662b63-4100-432f-b96e-0489b6f3978d}</UniqueIdentifier>
    </Filter>
    <Filter Include="Frontend\Window\SDL">
      <UniqueIdentifier>{ed258970-62c5-4a7b-a442-7dcffbce3171}</UniqueIdentifier>
    </Filter>
    <Filter Include="Backend">
      <UniqueIdentifier>{84ea8c51-5973-4e2c-b801-8aad22ad1c97}</UniqueIdentifier>
    </Filter>
    <Filter Include="Sample Shaders">
      <UniqueIdentifier>{cf9ed711-c6bc-45c6-a27f-101ae46f91ae}</UniqueIdentifier>
    </Filter>
    <Filter Include="Backend\Renderable">
      <UniqueIdentifier>{6e1b7e04-84a4-4a18-bd4e-4a287bdd7ad3}</UniqueIdentifier>
    </Filter>
    <Filter Include="Backend\Renderable\General">
      <UniqueIdentifier>{1ceaa7c1-83f2-4fee-9d9d-3f6d9597d41f}</UniqueIdentifier>
    </Filter>
    <Filter Include="Backend\Renderable\General\Instance">
      <UniqueIdentifier>{3a8bce0d-7374-47ba-adfa-d3793d22371d}</UniqueIdentifier>
    </Filter>
    <Filter Include="Backend\Renderable\Mesh">
      <UniqueIdentifier>{2975abc7-fadb-42a3-b72c-274028c3eca1}</UniqueIdentifier>
    </Filter>
    <Filter Include="Backend\Renderable\Mesh\Instance">
      <UniqueIdentifier>{533620a3-de43-48f9-a2cd-1c73099579e6}</UniqueIdentifier>
    </Filter>
    <Filter Include="Backend\Renderable\Particle">
      <UniqueIdentifier>{e21e175b-dc80-4fdd-88c2-86737f43fc41}</UniqueIdentifier>
    </Filter>
    <Filter Include="Backend\Renderable\Particle\Instance">
      <UniqueIdentifier>{02e76710-f630-4c4f-8dd8-404aff1ba6ce}</UniqueIdentifier>
    </Filter>
    <Filter Include="Frontend\Viewport">
      <UniqueIdentifier>{851b05a1-9c8a-4c6f-9dd9-08dacfbfabaf}</UniqueIdentifier>
    </Filter>
    <Filter Include="Frontend\Viewport\Camera">
      <UniqueIdentifier>{9a54d057-7ed6-4ee1-b254-476b5f3be7ac}</UniqueIdentifier>
    </Filter>
    <Filter Include="Utility">
      <UniqueIdentifier>{95b4f5db-8592-4dea-abbc-6dd6c633905e}</UniqueIdentifier>
    </Filter>
    <Filter Include="Backend\Material">
      <UniqueIdentifier>{2b0f8ed9-1c12-4448-b848-29e8d505d438}</UniqueIdentifier>
    </Filter>
    <Filter Include="Backend\Material\Texture">
      <UniqueIdentifier>{e4963bf2-4c69-4ef8-b540-2745839e1ba5}</UniqueIdentifier>
    </Filter>
    <Filter Include="Backend\Material\Texture\Manager">
      <UniqueIdentifier>{1a6b8e85-56a0-4053-9671-eff9edb0c735}</UniqueIdentifier>
    </Filter>
    <Filter Include="Backend\Shaders">
      <UniqueIdentifier>{74a24230-7fd2-41e6-8729-7968ffb88576}</UniqueIdentifier>
    </Filter>
    <Filter Include="Backend\Material\Texture\2D">
      <UniqueIdentifier>{7240a601-d558-42ae-8116-ec20a1a65917}</UniqueIdentifier>
    </Filter>
    <Filter Include="Backend\Material\Texture\Cube">
      <UniqueIdentifier>{40c03f5a-33f0-4193-b6c3-23359a060392}</UniqueIdentifier>
    </Filter>
    <Filter Include="Backend\Lighting">
      <UniqueIdentifier>{32bdb532-b2e8-4a39-a8d3-5b7ac96bdfdb}</UniqueIdentifier>
    </Filter>
    <Filter Include="Sample Shaders\Lighting">
      <UniqueIdentifier>{e68eccd4-58d8-4854-99d9-f2091f406167}</UniqueIdentifier>
    </Filter>
    <Filter Include="Sample Shaders\Texture3D">
      <UniqueIdentifier>{6cbaadc6-3666-4ec9-a40f-d68b968dddd7}</UniqueIdentifier>
    </Filter>
    <Filter Include="Sample Shaders\Basic">
      <UniqueIdentifier>{7b352813-7c7e-4fc6-a33d-e1a9514bf18a}</UniqueIdentifier>
    </Filter>
    <Filter Include="Sample Shaders\Texture">
      <UniqueIdentifier>{fb09f6b3-008d-4c6e-a9ba-17539e6025d2}</UniqueIdentifier>
    </Filter>
    <Filter Include="Sample Shaders\MultiColor">
      <UniqueIdentifier>{8e970a09-50cb-4e45-9a0d-c7e63420a1ed}</UniqueIdentifier>
    </Filter>
    <Filter Include="Sample Shaders\TextureCube">
      <UniqueIdentifier>{923e447b-3d93-44ed-9118-73ed486197b2}</UniqueIdentifier>
    </Filter>
    <Filter Include="Backend\Shaders\Instance">
      <UniqueIdentifier>{4b23f421-60fc-4082-abb2-c0da8b892ecd}</UniqueIdentifier>
    </Filter>
    <Filter Include="Backend\Material\Instance">
      <UniqueIdentifier>{e65f36d8-7ace-4e1a-9eef-5368ac32e33b}</UniqueIdentifier>
    </Filter>
  </ItemGroup>
  <ItemGroup>
    <Text Include="README.md" />
  </ItemGroup>
  <ItemGroup>
    <ClCompile Include="GfxSubsystem.cpp">
      <Filter>Frontend</Filter>
    </ClCompile>
    <ClCompile Include="GfxWindow.cpp">
      <Filter>Frontend\Window</Filter>
    </ClCompile>
    <ClCompile Include="SDLWindow.cpp">
      <Filter>Frontend\Window\SDL</Filter>
    </ClCompile>
    <ClCompile Include="GfxBackend.cpp">
      <Filter>Backend</Filter>
    </ClCompile>
    <ClCompile Include="IRenderableInstance.cpp">
      <Filter>Backend\Renderable\General\Instance</Filter>
    </ClCompile>
    <ClCompile Include="IRenderable.cpp">
      <Filter>Backend\Renderable\General</Filter>
    </ClCompile>
    <ClCompile Include="MeshRenderable.cpp">
      <Filter>Backend\Renderable\Mesh</Filter>
    </ClCompile>
    <ClCompile Include="MeshRenderableInstance.cpp">
      <Filter>Backend\Renderable\Mesh\Instance</Filter>
    </ClCompile>
    <ClCompile Include="GfxShaders.cpp">
      <Filter>Backend\Shaders</Filter>
    </ClCompile>
    <ClCompile Include="GfxViewport.cpp">
      <Filter>Frontend\Viewport</Filter>
    </ClCompile>
    <ClCompile Include="GfxCamera.cpp">
      <Filter>Frontend\Viewport\Camera</Filter>
    </ClCompile>
    <ClCompile Include="GfxUtility.cpp">
      <Filter>Utility</Filter>
    </ClCompile>
    <ClCompile Include="SDLWindowKeyboard.cpp">
      <Filter>Frontend\Window\SDL</Filter>
    </ClCompile>
    <ClCompile Include="ITexture.cpp">
      <Filter>Backend\Material\Texture</Filter>
    </ClCompile>
    <ClCompile Include="TextureManager.cpp">
      <Filter>Backend\Material\Texture\Manager</Filter>
    </ClCompile>
    <ClCompile Include="TextureCube.cpp">
      <Filter>Backend\Material\Texture\Cube</Filter>
    </ClCompile>
    <ClCompile Include="Texture2D.cpp">
      <Filter>Backend\Material\Texture\2D</Filter>
    </ClCompile>
    <ClCompile Include="ILight.cpp">
      <Filter>Backend\Lighting</Filter>
    </ClCompile>
    <ClCompile Include="GfxShaderInstance.cpp">
      <Filter>Backend\Shaders\Instance</Filter>
    </ClCompile>
    <ClCompile Include="Material.cpp">
      <Filter>Backend\Material</Filter>
    </ClCompile>
    <ClCompile Include="MaterialInstance.cpp">
      <Filter>Backend\Material\Instance</Filter>
    </ClCompile>
  </ItemGroup>
  <ItemGroup>
    <ClInclude Include="GfxSubsystem.h">
      <Filter>Frontend</Filter>
    </ClInclude>
    <ClInclude Include="stdafx.h">
      <Filter>Header Files</Filter>
    </ClInclude>
    <ClInclude Include="targetver.h">
      <Filter>Header Files</Filter>
    </ClInclude>
    <ClInclude Include="GfxWindow.h">
      <Filter>Frontend\Window</Filter>
    </ClInclude>
    <ClInclude Include="CommonGfx.h">
      <Filter>Header Files</Filter>
    </ClInclude>
    <ClInclude Include="SDLWindow.h">
      <Filter>Frontend\Window\SDL</Filter>
    </ClInclude>
    <ClInclude Include="GfxBackend.h">
      <Filter>Backend</Filter>
    </ClInclude>
    <ClInclude Include="IRenderableInstance.h">
      <Filter>Backend\Renderable\General\Instance</Filter>
    </ClInclude>
    <ClInclude Include="IRenderable.h">
      <Filter>Backend\Renderable\General</Filter>
    </ClInclude>
    <ClInclude Include="MeshRenderable.h">
      <Filter>Backend\Renderable\Mesh</Filter>
    </ClInclude>
    <ClInclude Include="MeshRenderableInstance.h">
      <Filter>Backend\Renderable\Mesh\Instance</Filter>
    </ClInclude>
    <ClInclude Include="GfxShaders.h">
      <Filter>Backend\Shaders</Filter>
    </ClInclude>
    <ClInclude Include="GfxViewport.h">
      <Filter>Frontend\Viewport</Filter>
    </ClInclude>
    <ClInclude Include="GfxCamera.h">
      <Filter>Frontend\Viewport\Camera</Filter>
    </ClInclude>
    <ClInclude Include="GfxUtility.h">
      <Filter>Utility</Filter>
    </ClInclude>
    <ClInclude Include="ITexture.h">
      <Filter>Backend\Material\Texture</Filter>
    </ClInclude>
    <ClInclude Include="TextureManager.h">
      <Filter>Backend\Material\Texture\Manager</Filter>
    </ClInclude>
    <ClInclude Include="Texture2D.h">
      <Filter>Backend\Material\Texture\2D</Filter>
    </ClInclude>
    <ClInclude Include="TextureCube.h">
      <Filter>Backend\Material\Texture\Cube</Filter>
    </ClInclude>
    <ClInclude Include="ILight.h">
      <Filter>Backend\Lighting</Filter>
    </ClInclude>
    <ClInclude Include="GfxShaderInstance.h">
      <Filter>Backend\Shaders\Instance</Filter>
    </ClInclude>
    <ClInclude Include="CommonShader.h">
      <Filter>Header Files</Filter>
    </ClInclude>
    <ClInclude Include="Material.h">
      <Filter>Backend\Material</Filter>
    </ClInclude>
    <ClInclude Include="MaterialInstance.h">
      <Filter>Backend\Material\Instance</Filter>
    </ClInclude>
    <ClInclude Include="MaterialConstants.h">
      <Filter>Backend\Material</Filter>
    </ClInclude>
  </ItemGroup>
  <ItemGroup>
    <None Include="..\..\Shaders\Texture3D\texture.vert">
      <Filter>Sample Shaders\Texture3D</Filter>
    </None>
    <None Include="..\..\Shaders\Texture3D\texture.frag">
      <Filter>Sample Shaders\Texture3D</Filter>
    </None>
    <None Include="..\..\Shaders\Basic\basic.vert">
      <Filter>Sample Shaders\Basic</Filter>
    </None>
    <None Include="..\..\Shaders\Basic\basic.frag">
      <Filter>Sample Shaders\Basic</Filter>
    </None>
    <None Include="..\..\Shaders\Texture\texture.frag">
      <Filter>Sample Shaders\Texture</Filter>
    </None>
    <None Include="..\..\Shaders\Texture\texture.vert">
      <Filter>Sample Shaders\Texture</Filter>
    </None>
    <None Include="..\..\Shaders\MultiColor\multicolor.frag">
      <Filter>Sample Shaders\MultiColor</Filter>
    </None>
    <None Include="..\..\Shaders\MultiColor\multicolor.vert">
      <Filter>Sample Shaders\MultiColor</Filter>
    </None>
    <None Include="..\..\Shaders\TextureCube\texture.frag">
      <Filter>Sample Shaders\TextureCube</Filter>
    </None>
    <None Include="..\..\Shaders\TextureCube\texture.vert">
      <Filter>Sample Shaders\TextureCube</Filter>
    </None>
    <None Include="..\..\Shaders\Lighting\defaultlight.frag">
      <Filter>Sample Shaders\Lighting</Filter>
    </None>
    <None Include="..\..\Shaders\Lighting\defaultlight.vert">
      <Filter>Sample Shaders\Lighting</Filter>
    </None>
  </ItemGroup>
</Project>